{
  "version": 4,
  "terraform_version": "1.1.5",
  "serial": 113,
  "lineage": "c7ad4ec6-b0ad-4fc7-2f1e-8ec28451b3b8",
  "outputs": {},
  "resources": [
    {
      "mode": "managed",
      "type": "google_compute_instance",
      "name": "mongodb-02",
      "provider": "provider[\"registry.terraform.io/hashicorp/google\"]",
      "instances": [
        {
          "schema_version": 6,
          "attributes": {
            "advanced_machine_features": [],
            "allow_stopping_for_update": null,
            "attached_disk": [],
            "boot_disk": [
              {
                "auto_delete": true,
                "device_name": "persistent-disk-0",
                "disk_encryption_key_raw": "",
                "disk_encryption_key_sha256": "",
                "initialize_params": [
                  {
                    "image": "https://www.googleapis.com/compute/v1/projects/centos-cloud/global/images/centos-7-v20220126",
                    "labels": {},
                    "size": 20,
                    "type": "pd-standard"
                  }
                ],
                "kms_key_self_link": "",
                "mode": "READ_WRITE",
                "source": "https://www.googleapis.com/compute/v1/projects/studycloud-336513/zones/europe-central2-a/disks/mongodb-02"
              }
            ],
            "can_ip_forward": false,
            "confidential_instance_config": [],
            "cpu_platform": "Intel Broadwell",
            "current_status": "RUNNING",
            "deletion_protection": false,
            "description": "",
            "desired_status": null,
            "enable_display": false,
            "guest_accelerator": [],
            "hostname": "",
            "id": "projects/studycloud-336513/zones/europe-central2-a/instances/mongodb-02",
            "instance_id": "7355840137105643277",
            "label_fingerprint": "42WmSpB8rSM=",
            "labels": null,
            "machine_type": "e2-standard-2",
            "metadata": {
              "ssh-keys": "deploy:ssh-rsa AAAAB3NzaC1yc2EAAAADAQABAAABgQCz8AMk3xWUPxUl2+yoVDZQDPybB36NfsRf2BhRHkZISA47M82Un9R/L1eTqtM9+DYPIjfeGu62AyMQUrFw/+5AItnGuZtOXQF5pV9OBv9NfVgddmJ+//MwxKyt+rMZXoXJN3I0Ah+ikR7iKoYm4LkyrFhgAKYfuEqvAECzoJ2f9GBo0GTNjV2FMWG0NGfcyTSpaS0Tq1XOWW0pa/LLYbYyTgpQN2EnXQ3vzggVXTLLkZiM/Pg/716tcK8XqvLJxgR7WpjirsLr/XAGGv1jR71kvOrXUFyfTy4OZnJ2dRXFTEKZWfZYCpIqwIbUHZg5+p/7nznVYl87aKt//VcHutl3ziZPxKlrPA+x73qtL0kzAlI6jlZja4xmHHAPp/bT5cEnAxktckSKu8G9YzykaP3TKVxq6ASGJYzztVQdVCC7SVlmF06vXgYeLngJXN2sV+ct+RE7+Vd0kfs3Getfm5J5l1MpIWcdIz3sgfS8vtnMnxLSAyoQqLwGDxjnMYyKUn8= iawyn@iawyn"
            },
            "metadata_fingerprint": "zerTMgpgZTw=",
            "metadata_startup_script": "sudo dnf update; sudo dnf install -yq build-essential python-pip rsync;",
            "min_cpu_platform": "",
            "name": "mongodb-02",
            "network_interface": [
              {
                "access_config": [
                  {
                    "nat_ip": "34.118.60.181",
                    "network_tier": "PREMIUM",
                    "public_ptr_domain_name": ""
                  }
                ],
                "alias_ip_range": [],
                "ipv6_access_config": [],
                "ipv6_access_type": "",
                "name": "nic0",
                "network": "https://www.googleapis.com/compute/v1/projects/studycloud-336513/global/networks/default",
                "network_ip": "10.186.0.37",
                "nic_type": "",
                "queue_count": 0,
                "stack_type": "IPV4_ONLY",
                "subnetwork": "https://www.googleapis.com/compute/v1/projects/studycloud-336513/regions/europe-central2/subnetworks/default",
                "subnetwork_project": "studycloud-336513"
              }
            ],
            "project": "studycloud-336513",
            "reservation_affinity": [],
            "resource_policies": null,
            "scheduling": [
              {
                "automatic_restart": true,
                "min_node_cpus": 0,
                "node_affinities": [],
                "on_host_maintenance": "MIGRATE",
                "preemptible": false
              }
            ],
            "scratch_disk": [],
            "self_link": "https://www.googleapis.com/compute/v1/projects/studycloud-336513/zones/europe-central2-a/instances/mongodb-02",
            "service_account": [],
            "shielded_instance_config": [
              {
                "enable_integrity_monitoring": true,
                "enable_secure_boot": false,
                "enable_vtpm": true
              }
            ],
            "tags": null,
            "tags_fingerprint": "42WmSpB8rSM=",
            "timeouts": null,
            "zone": "europe-central2-a"
          },
          "sensitive_attributes": [],
          "private": "eyJlMmJmYjczMC1lY2FhLTExZTYtOGY4OC0zNDM2M2JjN2M0YzAiOnsiY3JlYXRlIjoxMjAwMDAwMDAwMDAwLCJkZWxldGUiOjEyMDAwMDAwMDAwMDAsInVwZGF0ZSI6MTIwMDAwMDAwMDAwMH0sInNjaGVtYV92ZXJzaW9uIjoiNiJ9"
        }
      ]
    },
    {
      "mode": "managed",
      "type": "google_compute_instance",
      "name": "mongodb-master-01",
      "provider": "provider[\"registry.terraform.io/hashicorp/google\"]",
      "instances": [
        {
          "schema_version": 6,
          "attributes": {
            "advanced_machine_features": [],
            "allow_stopping_for_update": null,
            "attached_disk": [],
            "boot_disk": [
              {
                "auto_delete": true,
                "device_name": "persistent-disk-0",
                "disk_encryption_key_raw": "",
                "disk_encryption_key_sha256": "",
                "initialize_params": [
                  {
                    "image": "https://www.googleapis.com/compute/v1/projects/centos-cloud/global/images/centos-7-v20220126",
                    "labels": {},
                    "size": 20,
                    "type": "pd-standard"
                  }
                ],
                "kms_key_self_link": "",
                "mode": "READ_WRITE",
                "source": "https://www.googleapis.com/compute/v1/projects/studycloud-336513/zones/europe-central2-a/disks/mongodb-master-01"
              }
            ],
            "can_ip_forward": false,
            "confidential_instance_config": [],
            "cpu_platform": "Intel Broadwell",
            "current_status": "RUNNING",
            "deletion_protection": false,
            "description": "",
            "desired_status": null,
            "enable_display": false,
            "guest_accelerator": [],
            "hostname": "",
            "id": "projects/studycloud-336513/zones/europe-central2-a/instances/mongodb-master-01",
            "instance_id": "1360659270470603918",
            "label_fingerprint": "42WmSpB8rSM=",
            "labels": null,
            "machine_type": "e2-standard-2",
            "metadata": {
              "ssh-keys": "deploy:ssh-rsa AAAAB3NzaC1yc2EAAAADAQABAAABgQCz8AMk3xWUPxUl2+yoVDZQDPybB36NfsRf2BhRHkZISA47M82Un9R/L1eTqtM9+DYPIjfeGu62AyMQUrFw/+5AItnGuZtOXQF5pV9OBv9NfVgddmJ+//MwxKyt+rMZXoXJN3I0Ah+ikR7iKoYm4LkyrFhgAKYfuEqvAECzoJ2f9GBo0GTNjV2FMWG0NGfcyTSpaS0Tq1XOWW0pa/LLYbYyTgpQN2EnXQ3vzggVXTLLkZiM/Pg/716tcK8XqvLJxgR7WpjirsLr/XAGGv1jR71kvOrXUFyfTy4OZnJ2dRXFTEKZWfZYCpIqwIbUHZg5+p/7nznVYl87aKt//VcHutl3ziZPxKlrPA+x73qtL0kzAlI6jlZja4xmHHAPp/bT5cEnAxktckSKu8G9YzykaP3TKVxq6ASGJYzztVQdVCC7SVlmF06vXgYeLngJXN2sV+ct+RE7+Vd0kfs3Getfm5J5l1MpIWcdIz3sgfS8vtnMnxLSAyoQqLwGDxjnMYyKUn8= iawyn@iawyn"
            },
            "metadata_fingerprint": "zerTMgpgZTw=",
            "metadata_startup_script": "sudo dnf update; sudo dnf install -yq build-essential python-pip rsync;",
            "min_cpu_platform": "",
            "name": "mongodb-master-01",
            "network_interface": [
              {
                "access_config": [
                  {
                    "nat_ip": "34.118.31.67",
                    "network_tier": "PREMIUM",
                    "public_ptr_domain_name": ""
                  }
                ],
                "alias_ip_range": [],
                "ipv6_access_config": [],
                "ipv6_access_type": "",
                "name": "nic0",
                "network": "https://www.googleapis.com/compute/v1/projects/studycloud-336513/global/networks/default",
                "network_ip": "10.186.0.38",
                "nic_type": "",
                "queue_count": 0,
                "stack_type": "IPV4_ONLY",
                "subnetwork": "https://www.googleapis.com/compute/v1/projects/studycloud-336513/regions/europe-central2/subnetworks/default",
                "subnetwork_project": "studycloud-336513"
              }
            ],
            "project": "studycloud-336513",
            "reservation_affinity": [],
            "resource_policies": null,
            "scheduling": [
              {
                "automatic_restart": true,
                "min_node_cpus": 0,
                "node_affinities": [],
                "on_host_maintenance": "MIGRATE",
                "preemptible": false
              }
            ],
            "scratch_disk": [],
            "self_link": "https://www.googleapis.com/compute/v1/projects/studycloud-336513/zones/europe-central2-a/instances/mongodb-master-01",
            "service_account": [],
            "shielded_instance_config": [
              {
                "enable_integrity_monitoring": true,
                "enable_secure_boot": false,
                "enable_vtpm": true
              }
            ],
            "tags": null,
            "tags_fingerprint": "42WmSpB8rSM=",
            "timeouts": null,
            "zone": "europe-central2-a"
          },
          "sensitive_attributes": [],
          "private": "eyJlMmJmYjczMC1lY2FhLTExZTYtOGY4OC0zNDM2M2JjN2M0YzAiOnsiY3JlYXRlIjoxMjAwMDAwMDAwMDAwLCJkZWxldGUiOjEyMDAwMDAwMDAwMDAsInVwZGF0ZSI6MTIwMDAwMDAwMDAwMH0sInNjaGVtYV92ZXJzaW9uIjoiNiJ9"
        }
      ]
    }
  ]
}
